// !$*UTF8*$!
{
	archiveVersion = 1;
	classes = {
	};
	objectVersion = 56;
	objects = {

/* Begin PBXBuildFile section */
		6957B835C4554981A9ABB6AC /* Pods_Tracker.framework in Frameworks */ = {isa = PBXBuildFile; fileRef = 77A2FBE35B6BA39B0FFB69C3 /* Pods_Tracker.framework */; };
		843754C62B6AE8EB0046AF76 /* AnalyticsService.swift in Sources */ = {isa = PBXBuildFile; fileRef = 843754C52B6AE8EB0046AF76 /* AnalyticsService.swift */; };
		843754C82B6AE8FB0046AF76 /* Events.swift in Sources */ = {isa = PBXBuildFile; fileRef = 843754C72B6AE8FB0046AF76 /* Events.swift */; };
		843754CA2B6AEBE00046AF76 /* StatisticsViewModel.swift in Sources */ = {isa = PBXBuildFile; fileRef = 843754C92B6AEBE00046AF76 /* StatisticsViewModel.swift */; };
		843754CC2B6AEBED0046AF76 /* StatisticCell.swift in Sources */ = {isa = PBXBuildFile; fileRef = 843754CB2B6AEBED0046AF76 /* StatisticCell.swift */; };
		843754CE2B6AEC460046AF76 /* FilterViewController.swift in Sources */ = {isa = PBXBuildFile; fileRef = 843754CD2B6AEC460046AF76 /* FilterViewController.swift */; };
		843754D02B6AECDD0046AF76 /* Statistics.swift in Sources */ = {isa = PBXBuildFile; fileRef = 843754CF2B6AECDD0046AF76 /* Statistics.swift */; };
		843754D62B6AF83D0046AF76 /* Localizable.strings in Resources */ = {isa = PBXBuildFile; fileRef = 843754D82B6AF83D0046AF76 /* Localizable.strings */; };
		843754DE2B6AFC600046AF76 /* SnapshotTesting in Frameworks */ = {isa = PBXBuildFile; productRef = 843754DD2B6AFC600046AF76 /* SnapshotTesting */; };
		843754E62B6AFDD50046AF76 /* TrackerTests.swift in Sources */ = {isa = PBXBuildFile; fileRef = 843754E52B6AFDD50046AF76 /* TrackerTests.swift */; };
		847720762B6043750063EE66 /* AppDelegate.swift in Sources */ = {isa = PBXBuildFile; fileRef = 847720752B6043750063EE66 /* AppDelegate.swift */; };
		847720782B6043750063EE66 /* SceneDelegate.swift in Sources */ = {isa = PBXBuildFile; fileRef = 847720772B6043750063EE66 /* SceneDelegate.swift */; };
		8477207A2B6043750063EE66 /* ViewController.swift in Sources */ = {isa = PBXBuildFile; fileRef = 847720792B6043750063EE66 /* ViewController.swift */; };
		8477207F2B6043770063EE66 /* Assets.xcassets in Resources */ = {isa = PBXBuildFile; fileRef = 8477207E2B6043770063EE66 /* Assets.xcassets */; };
		847720822B6043770063EE66 /* LaunchScreen.storyboard in Resources */ = {isa = PBXBuildFile; fileRef = 847720802B6043770063EE66 /* LaunchScreen.storyboard */; };
		847720962B6045950063EE66 /* StatisticsViewController.swift in Sources */ = {isa = PBXBuildFile; fileRef = 847720952B6045950063EE66 /* StatisticsViewController.swift */; };
		847720982B60459C0063EE66 /* SupplementaryView.swift in Sources */ = {isa = PBXBuildFile; fileRef = 847720972B60459C0063EE66 /* SupplementaryView.swift */; };
		8477209A2B6045A40063EE66 /* TrackerCell.swift in Sources */ = {isa = PBXBuildFile; fileRef = 847720992B6045A40063EE66 /* TrackerCell.swift */; };
		8477209C2B6045AD0063EE66 /* ScheduleCell.swift in Sources */ = {isa = PBXBuildFile; fileRef = 8477209B2B6045AD0063EE66 /* ScheduleCell.swift */; };
		8477209E2B6045B50063EE66 /* ScheduleViewController.swift in Sources */ = {isa = PBXBuildFile; fileRef = 8477209D2B6045B50063EE66 /* ScheduleViewController.swift */; };
		847720A02B6045C10063EE66 /* CreatingCategoryViewController.swift in Sources */ = {isa = PBXBuildFile; fileRef = 8477209F2B6045C10063EE66 /* CreatingCategoryViewController.swift */; };
		847720A22B6045C80063EE66 /* TrackersViewController.swift in Sources */ = {isa = PBXBuildFile; fileRef = 847720A12B6045C80063EE66 /* TrackersViewController.swift */; };
		847720A42B6045D10063EE66 /* TabBarController.swift in Sources */ = {isa = PBXBuildFile; fileRef = 847720A32B6045D10063EE66 /* TabBarController.swift */; };
		847720A62B6045DF0063EE66 /* CreatingHabitViewController.swift in Sources */ = {isa = PBXBuildFile; fileRef = 847720A52B6045DF0063EE66 /* CreatingHabitViewController.swift */; };
		847720A82B6045E70063EE66 /* CreatingNewTrackerViewController.swift in Sources */ = {isa = PBXBuildFile; fileRef = 847720A72B6045E70063EE66 /* CreatingNewTrackerViewController.swift */; };
		847720AA2B6045EE0063EE66 /* CreatingTableCell.swift in Sources */ = {isa = PBXBuildFile; fileRef = 847720A92B6045EE0063EE66 /* CreatingTableCell.swift */; };
		847720AC2B6045F50063EE66 /* CategoryViewController.swift in Sources */ = {isa = PBXBuildFile; fileRef = 847720AB2B6045F50063EE66 /* CategoryViewController.swift */; };
		847720AE2B6045FB0063EE66 /* CreatingIrregularEventViewController.swift in Sources */ = {isa = PBXBuildFile; fileRef = 847720AD2B6045FB0063EE66 /* CreatingIrregularEventViewController.swift */; };
		847720B12B60461C0063EE66 /* TrackerRecord.swift in Sources */ = {isa = PBXBuildFile; fileRef = 847720B02B60461C0063EE66 /* TrackerRecord.swift */; };
		847720B32B6046230063EE66 /* TrackerCategory.swift in Sources */ = {isa = PBXBuildFile; fileRef = 847720B22B6046230063EE66 /* TrackerCategory.swift */; };
		847720B52B60462B0063EE66 /* CreatingTrackersModel.swift in Sources */ = {isa = PBXBuildFile; fileRef = 847720B42B60462A0063EE66 /* CreatingTrackersModel.swift */; };
		847720B72B6046330063EE66 /* Tracker.swift in Sources */ = {isa = PBXBuildFile; fileRef = 847720B62B6046330063EE66 /* Tracker.swift */; };
		847720BA2B6046630063EE66 /* DataStorege.swift in Sources */ = {isa = PBXBuildFile; fileRef = 847720B92B6046630063EE66 /* DataStorege.swift */; };
		847720BD2B60468F0063EE66 /* UIViewController.swift in Sources */ = {isa = PBXBuildFile; fileRef = 847720BC2B60468F0063EE66 /* UIViewController.swift */; };
		847720BF2B60469D0063EE66 /* OptionsForCollection.swift in Sources */ = {isa = PBXBuildFile; fileRef = 847720BE2B60469D0063EE66 /* OptionsForCollection.swift */; };
		847720C12B6046A50063EE66 /* UIColor.swift in Sources */ = {isa = PBXBuildFile; fileRef = 847720C02B6046A50063EE66 /* UIColor.swift */; };
		847720C32B6046AE0063EE66 /* Date.swift in Sources */ = {isa = PBXBuildFile; fileRef = 847720C22B6046AE0063EE66 /* Date.swift */; };
		847720C52B6046B80063EE66 /* TextField.swift in Sources */ = {isa = PBXBuildFile; fileRef = 847720C42B6046B80063EE66 /* TextField.swift */; };
		847720C82B60496F0063EE66 /* Main.storyboard in Resources */ = {isa = PBXBuildFile; fileRef = 847720C72B60496F0063EE66 /* Main.storyboard */; };
		847720CA2B617E070063EE66 /* TrackerStore.swift in Sources */ = {isa = PBXBuildFile; fileRef = 847720C92B617E070063EE66 /* TrackerStore.swift */; };
		847720CC2B617E760063EE66 /* TrackerCategoryStore.swift in Sources */ = {isa = PBXBuildFile; fileRef = 847720CB2B617E760063EE66 /* TrackerCategoryStore.swift */; };
		847720CF2B617F010063EE66 /* UIColorMarshalling.swift in Sources */ = {isa = PBXBuildFile; fileRef = 847720CE2B617F010063EE66 /* UIColorMarshalling.swift */; };
		847720D12B617F0B0063EE66 /* StoreError.swift in Sources */ = {isa = PBXBuildFile; fileRef = 847720D02B617F0B0063EE66 /* StoreError.swift */; };
		847720D72B61831B0063EE66 /* EmojiCollectionViewCell.swift in Sources */ = {isa = PBXBuildFile; fileRef = 847720D62B61831B0063EE66 /* EmojiCollectionViewCell.swift */; };
		847720D92B6183260063EE66 /* ColorsCollectionViewCell.swift in Sources */ = {isa = PBXBuildFile; fileRef = 847720D82B6183260063EE66 /* ColorsCollectionViewCell.swift */; };
		847720DE2B6184720063EE66 /* TrackerRecordStore.swift in Sources */ = {isa = PBXBuildFile; fileRef = 847720DD2B6184720063EE66 /* TrackerRecordStore.swift */; };
		847720E22B6187A40063EE66 /* TrackerModel.xcdatamodeld in Sources */ = {isa = PBXBuildFile; fileRef = 847720E02B6187A40063EE66 /* TrackerModel.xcdatamodeld */; };
		847720E82B66BA300063EE66 /* OnboardViewController.swift in Sources */ = {isa = PBXBuildFile; fileRef = 847720E72B66BA300063EE66 /* OnboardViewController.swift */; };
		847720EA2B66BA520063EE66 /* OnboardContentViewController.swift in Sources */ = {isa = PBXBuildFile; fileRef = 847720E92B66BA520063EE66 /* OnboardContentViewController.swift */; };
		847720EC2B66BAC20063EE66 /* ObservableValue.swift in Sources */ = {isa = PBXBuildFile; fileRef = 847720EB2B66BAC20063EE66 /* ObservableValue.swift */; };
		847720EE2B66F6480063EE66 /* CategoryViewModel.swift in Sources */ = {isa = PBXBuildFile; fileRef = 847720ED2B66F6480063EE66 /* CategoryViewModel.swift */; };
/* End PBXBuildFile section */

/* Begin PBXContainerItemProxy section */
		843754E72B6AFDD50046AF76 /* PBXContainerItemProxy */ = {
			isa = PBXContainerItemProxy;
			containerPortal = 8477206A2B6043750063EE66 /* Project object */;
			proxyType = 1;
			remoteGlobalIDString = 847720712B6043750063EE66;
			remoteInfo = Tracker;
		};
/* End PBXContainerItemProxy section */

/* Begin PBXFileReference section */
		217BCBA9A303CB183020C450 /* Pods-Tracker.release.xcconfig */ = {isa = PBXFileReference; includeInIndex = 1; lastKnownFileType = text.xcconfig; name = "Pods-Tracker.release.xcconfig"; path = "Target Support Files/Pods-Tracker/Pods-Tracker.release.xcconfig"; sourceTree = "<group>"; };
		61D4AC83CBC08C9D8A6D30CF /* Pods-Tracker.debug.xcconfig */ = {isa = PBXFileReference; includeInIndex = 1; lastKnownFileType = text.xcconfig; name = "Pods-Tracker.debug.xcconfig"; path = "Target Support Files/Pods-Tracker/Pods-Tracker.debug.xcconfig"; sourceTree = "<group>"; };
		77A2FBE35B6BA39B0FFB69C3 /* Pods_Tracker.framework */ = {isa = PBXFileReference; explicitFileType = wrapper.framework; includeInIndex = 0; path = Pods_Tracker.framework; sourceTree = BUILT_PRODUCTS_DIR; };
		843754C52B6AE8EB0046AF76 /* AnalyticsService.swift */ = {isa = PBXFileReference; lastKnownFileType = sourcecode.swift; path = AnalyticsService.swift; sourceTree = "<group>"; };
		843754C72B6AE8FB0046AF76 /* Events.swift */ = {isa = PBXFileReference; lastKnownFileType = sourcecode.swift; path = Events.swift; sourceTree = "<group>"; };
		843754C92B6AEBE00046AF76 /* StatisticsViewModel.swift */ = {isa = PBXFileReference; lastKnownFileType = sourcecode.swift; path = StatisticsViewModel.swift; sourceTree = "<group>"; };
		843754CB2B6AEBED0046AF76 /* StatisticCell.swift */ = {isa = PBXFileReference; lastKnownFileType = sourcecode.swift; path = StatisticCell.swift; sourceTree = "<group>"; };
		843754CD2B6AEC460046AF76 /* FilterViewController.swift */ = {isa = PBXFileReference; lastKnownFileType = sourcecode.swift; path = FilterViewController.swift; sourceTree = "<group>"; };
		843754CF2B6AECDD0046AF76 /* Statistics.swift */ = {isa = PBXFileReference; lastKnownFileType = sourcecode.swift; path = Statistics.swift; sourceTree = "<group>"; };
		843754D52B6AF82C0046AF76 /* ru */ = {isa = PBXFileReference; lastKnownFileType = text.plist.strings; name = ru; path = ru.lproj/LaunchScreen.strings; sourceTree = "<group>"; };
		843754D72B6AF83D0046AF76 /* en */ = {isa = PBXFileReference; lastKnownFileType = text.plist.strings; name = en; path = en.lproj/Localizable.strings; sourceTree = "<group>"; };
		843754D92B6AF8410046AF76 /* ru */ = {isa = PBXFileReference; lastKnownFileType = text.plist.strings; name = ru; path = ru.lproj/Localizable.strings; sourceTree = "<group>"; };
		843754DA2B6AFA3C0046AF76 /* en-GB */ = {isa = PBXFileReference; lastKnownFileType = text.plist.strings; name = "en-GB"; path = "en-GB.lproj/LaunchScreen.strings"; sourceTree = "<group>"; };
		843754DB2B6AFA3C0046AF76 /* en-GB */ = {isa = PBXFileReference; lastKnownFileType = text.plist.strings; name = "en-GB"; path = "en-GB.lproj/Localizable.strings"; sourceTree = "<group>"; };
		843754E32B6AFDD50046AF76 /* TrackerTests.xctest */ = {isa = PBXFileReference; explicitFileType = wrapper.cfbundle; includeInIndex = 0; path = TrackerTests.xctest; sourceTree = BUILT_PRODUCTS_DIR; };
		843754E52B6AFDD50046AF76 /* TrackerTests.swift */ = {isa = PBXFileReference; lastKnownFileType = sourcecode.swift; path = TrackerTests.swift; sourceTree = "<group>"; };
		847720722B6043750063EE66 /* Tracker.app */ = {isa = PBXFileReference; explicitFileType = wrapper.application; includeInIndex = 0; path = Tracker.app; sourceTree = BUILT_PRODUCTS_DIR; };
		847720752B6043750063EE66 /* AppDelegate.swift */ = {isa = PBXFileReference; lastKnownFileType = sourcecode.swift; path = AppDelegate.swift; sourceTree = "<group>"; };
		847720772B6043750063EE66 /* SceneDelegate.swift */ = {isa = PBXFileReference; lastKnownFileType = sourcecode.swift; path = SceneDelegate.swift; sourceTree = "<group>"; };
		847720792B6043750063EE66 /* ViewController.swift */ = {isa = PBXFileReference; lastKnownFileType = sourcecode.swift; path = ViewController.swift; sourceTree = "<group>"; };
		8477207E2B6043770063EE66 /* Assets.xcassets */ = {isa = PBXFileReference; lastKnownFileType = folder.assetcatalog; path = Assets.xcassets; sourceTree = "<group>"; };
		847720812B6043770063EE66 /* Base */ = {isa = PBXFileReference; lastKnownFileType = file.storyboard; name = Base; path = Base.lproj/LaunchScreen.storyboard; sourceTree = "<group>"; };
		847720832B6043770063EE66 /* Info.plist */ = {isa = PBXFileReference; lastKnownFileType = text.plist.xml; path = Info.plist; sourceTree = "<group>"; };
		847720952B6045950063EE66 /* StatisticsViewController.swift */ = {isa = PBXFileReference; lastKnownFileType = sourcecode.swift; path = StatisticsViewController.swift; sourceTree = "<group>"; };
		847720972B60459C0063EE66 /* SupplementaryView.swift */ = {isa = PBXFileReference; lastKnownFileType = sourcecode.swift; path = SupplementaryView.swift; sourceTree = "<group>"; };
		847720992B6045A40063EE66 /* TrackerCell.swift */ = {isa = PBXFileReference; lastKnownFileType = sourcecode.swift; path = TrackerCell.swift; sourceTree = "<group>"; };
		8477209B2B6045AD0063EE66 /* ScheduleCell.swift */ = {isa = PBXFileReference; lastKnownFileType = sourcecode.swift; path = ScheduleCell.swift; sourceTree = "<group>"; };
		8477209D2B6045B50063EE66 /* ScheduleViewController.swift */ = {isa = PBXFileReference; lastKnownFileType = sourcecode.swift; path = ScheduleViewController.swift; sourceTree = "<group>"; };
		8477209F2B6045C10063EE66 /* CreatingCategoryViewController.swift */ = {isa = PBXFileReference; lastKnownFileType = sourcecode.swift; path = CreatingCategoryViewController.swift; sourceTree = "<group>"; };
		847720A12B6045C80063EE66 /* TrackersViewController.swift */ = {isa = PBXFileReference; lastKnownFileType = sourcecode.swift; path = TrackersViewController.swift; sourceTree = "<group>"; };
		847720A32B6045D10063EE66 /* TabBarController.swift */ = {isa = PBXFileReference; lastKnownFileType = sourcecode.swift; path = TabBarController.swift; sourceTree = "<group>"; };
		847720A52B6045DF0063EE66 /* CreatingHabitViewController.swift */ = {isa = PBXFileReference; lastKnownFileType = sourcecode.swift; path = CreatingHabitViewController.swift; sourceTree = "<group>"; };
		847720A72B6045E70063EE66 /* CreatingNewTrackerViewController.swift */ = {isa = PBXFileReference; lastKnownFileType = sourcecode.swift; path = CreatingNewTrackerViewController.swift; sourceTree = "<group>"; };
		847720A92B6045EE0063EE66 /* CreatingTableCell.swift */ = {isa = PBXFileReference; lastKnownFileType = sourcecode.swift; path = CreatingTableCell.swift; sourceTree = "<group>"; };
		847720AB2B6045F50063EE66 /* CategoryViewController.swift */ = {isa = PBXFileReference; lastKnownFileType = sourcecode.swift; path = CategoryViewController.swift; sourceTree = "<group>"; };
		847720AD2B6045FB0063EE66 /* CreatingIrregularEventViewController.swift */ = {isa = PBXFileReference; lastKnownFileType = sourcecode.swift; path = CreatingIrregularEventViewController.swift; sourceTree = "<group>"; };
		847720B02B60461C0063EE66 /* TrackerRecord.swift */ = {isa = PBXFileReference; lastKnownFileType = sourcecode.swift; path = TrackerRecord.swift; sourceTree = "<group>"; };
		847720B22B6046230063EE66 /* TrackerCategory.swift */ = {isa = PBXFileReference; lastKnownFileType = sourcecode.swift; path = TrackerCategory.swift; sourceTree = "<group>"; };
		847720B42B60462A0063EE66 /* CreatingTrackersModel.swift */ = {isa = PBXFileReference; lastKnownFileType = sourcecode.swift; path = CreatingTrackersModel.swift; sourceTree = "<group>"; };
		847720B62B6046330063EE66 /* Tracker.swift */ = {isa = PBXFileReference; lastKnownFileType = sourcecode.swift; path = Tracker.swift; sourceTree = "<group>"; };
		847720B92B6046630063EE66 /* DataStorege.swift */ = {isa = PBXFileReference; lastKnownFileType = sourcecode.swift; path = DataStorege.swift; sourceTree = "<group>"; };
		847720BC2B60468F0063EE66 /* UIViewController.swift */ = {isa = PBXFileReference; lastKnownFileType = sourcecode.swift; path = UIViewController.swift; sourceTree = "<group>"; };
		847720BE2B60469D0063EE66 /* OptionsForCollection.swift */ = {isa = PBXFileReference; lastKnownFileType = sourcecode.swift; path = OptionsForCollection.swift; sourceTree = "<group>"; };
		847720C02B6046A50063EE66 /* UIColor.swift */ = {isa = PBXFileReference; lastKnownFileType = sourcecode.swift; path = UIColor.swift; sourceTree = "<group>"; };
		847720C22B6046AE0063EE66 /* Date.swift */ = {isa = PBXFileReference; lastKnownFileType = sourcecode.swift; path = Date.swift; sourceTree = "<group>"; };
		847720C42B6046B80063EE66 /* TextField.swift */ = {isa = PBXFileReference; lastKnownFileType = sourcecode.swift; path = TextField.swift; sourceTree = "<group>"; };
		847720C72B60496F0063EE66 /* Main.storyboard */ = {isa = PBXFileReference; lastKnownFileType = file.storyboard; path = Main.storyboard; sourceTree = "<group>"; };
		847720C92B617E070063EE66 /* TrackerStore.swift */ = {isa = PBXFileReference; lastKnownFileType = sourcecode.swift; path = TrackerStore.swift; sourceTree = "<group>"; };
		847720CB2B617E760063EE66 /* TrackerCategoryStore.swift */ = {isa = PBXFileReference; lastKnownFileType = sourcecode.swift; path = TrackerCategoryStore.swift; sourceTree = "<group>"; };
		847720CE2B617F010063EE66 /* UIColorMarshalling.swift */ = {isa = PBXFileReference; lastKnownFileType = sourcecode.swift; path = UIColorMarshalling.swift; sourceTree = "<group>"; };
		847720D02B617F0B0063EE66 /* StoreError.swift */ = {isa = PBXFileReference; lastKnownFileType = sourcecode.swift; path = StoreError.swift; sourceTree = "<group>"; };
		847720D62B61831B0063EE66 /* EmojiCollectionViewCell.swift */ = {isa = PBXFileReference; lastKnownFileType = sourcecode.swift; path = EmojiCollectionViewCell.swift; sourceTree = "<group>"; };
		847720D82B6183260063EE66 /* ColorsCollectionViewCell.swift */ = {isa = PBXFileReference; lastKnownFileType = sourcecode.swift; path = ColorsCollectionViewCell.swift; sourceTree = "<group>"; };
		847720DD2B6184720063EE66 /* TrackerRecordStore.swift */ = {isa = PBXFileReference; lastKnownFileType = sourcecode.swift; path = TrackerRecordStore.swift; sourceTree = "<group>"; };
		847720E12B6187A40063EE66 /* TrackerModel.xcdatamodel */ = {isa = PBXFileReference; lastKnownFileType = wrapper.xcdatamodel; path = TrackerModel.xcdatamodel; sourceTree = "<group>"; };
		847720E72B66BA300063EE66 /* OnboardViewController.swift */ = {isa = PBXFileReference; lastKnownFileType = sourcecode.swift; path = OnboardViewController.swift; sourceTree = "<group>"; };
		847720E92B66BA520063EE66 /* OnboardContentViewController.swift */ = {isa = PBXFileReference; lastKnownFileType = sourcecode.swift; path = OnboardContentViewController.swift; sourceTree = "<group>"; };
		847720EB2B66BAC20063EE66 /* ObservableValue.swift */ = {isa = PBXFileReference; lastKnownFileType = sourcecode.swift; path = ObservableValue.swift; sourceTree = "<group>"; };
		847720ED2B66F6480063EE66 /* CategoryViewModel.swift */ = {isa = PBXFileReference; lastKnownFileType = sourcecode.swift; path = CategoryViewModel.swift; sourceTree = "<group>"; };
/* End PBXFileReference section */

/* Begin PBXFrameworksBuildPhase section */
		843754E02B6AFDD50046AF76 /* Frameworks */ = {
			isa = PBXFrameworksBuildPhase;
			buildActionMask = 2147483647;
			files = (
			);
			runOnlyForDeploymentPostprocessing = 0;
		};
		8477206F2B6043750063EE66 /* Frameworks */ = {
			isa = PBXFrameworksBuildPhase;
			buildActionMask = 2147483647;
			files = (
				6957B835C4554981A9ABB6AC /* Pods_Tracker.framework in Frameworks */,
				843754DE2B6AFC600046AF76 /* SnapshotTesting in Frameworks */,
			);
			runOnlyForDeploymentPostprocessing = 0;
		};
/* End PBXFrameworksBuildPhase section */

/* Begin PBXGroup section */
		0B65C7A5184E3EC1BF3A6A78 /* Frameworks */ = {
			isa = PBXGroup;
			children = (
				77A2FBE35B6BA39B0FFB69C3 /* Pods_Tracker.framework */,
			);
			name = Frameworks;
			sourceTree = "<group>";
		};
		843754C42B6AE8C00046AF76 /* AnalyticsService */ = {
			isa = PBXGroup;
			children = (
				843754C52B6AE8EB0046AF76 /* AnalyticsService.swift */,
				843754C72B6AE8FB0046AF76 /* Events.swift */,
			);
			path = AnalyticsService;
			sourceTree = "<group>";
		};
		843754D22B6AF7FC0046AF76 /* Localization */ = {
			isa = PBXGroup;
			children = (
				843754D82B6AF83D0046AF76 /* Localizable.strings */,
			);
			name = Localization;
			sourceTree = "<group>";
		};
		843754E42B6AFDD50046AF76 /* TrackerTests */ = {
			isa = PBXGroup;
			children = (
				843754E52B6AFDD50046AF76 /* TrackerTests.swift */,
			);
			path = TrackerTests;
			sourceTree = "<group>";
		};
		847720692B6043750063EE66 = {
			isa = PBXGroup;
			children = (
				847720742B6043750063EE66 /* Tracker */,
				843754E42B6AFDD50046AF76 /* TrackerTests */,
				847720732B6043750063EE66 /* Products */,
				9A2EEFB3335BCA98462B3D10 /* Pods */,
				0B65C7A5184E3EC1BF3A6A78 /* Frameworks */,
			);
			sourceTree = "<group>";
		};
		847720732B6043750063EE66 /* Products */ = {
			isa = PBXGroup;
			children = (
				847720722B6043750063EE66 /* Tracker.app */,
				843754E32B6AFDD50046AF76 /* TrackerTests.xctest */,
			);
			name = Products;
			sourceTree = "<group>";
		};
		847720742B6043750063EE66 /* Tracker */ = {
			isa = PBXGroup;
			children = (
				847720832B6043770063EE66 /* Info.plist */,
				843754C42B6AE8C00046AF76 /* AnalyticsService */,
				847720CD2B617EB30063EE66 /* Resources */,
				847720BB2B60466A0063EE66 /* Services */,
				847720E32B66B9D60063EE66 /* Onboard */,
				847720C62B6046C00063EE66 /* Helpers */,
				847720DC2B6184600063EE66 /* Domain */,
				847720DF2B6187820063EE66 /* CoreData */,
				847720D32B617F3E0063EE66 /* StatisticsView */,
				847720B82B6046360063EE66 /* Model */,
				847720D42B6182310063EE66 /* TrackersView */,
				847720D22B617F1E0063EE66 /* TabBar */,
				847720AF2B6046040063EE66 /* CreatingNewTracker */,
			);
			path = Tracker;
			sourceTree = "<group>";
		};
		847720AF2B6046040063EE66 /* CreatingNewTracker */ = {
			isa = PBXGroup;
			children = (
				847720A72B6045E70063EE66 /* CreatingNewTrackerViewController.swift */,
				847720DB2B6183CF0063EE66 /* Category */,
				847720DA2B6183A50063EE66 /* Schedule */,
				847720D52B6182720063EE66 /* CreatingHabitView */,
			);
			path = CreatingNewTracker;
			sourceTree = "<group>";
		};
		847720B82B6046360063EE66 /* Model */ = {
			isa = PBXGroup;
			children = (
				847720B02B60461C0063EE66 /* TrackerRecord.swift */,
				847720B22B6046230063EE66 /* TrackerCategory.swift */,
				847720B42B60462A0063EE66 /* CreatingTrackersModel.swift */,
				847720B62B6046330063EE66 /* Tracker.swift */,
				843754CF2B6AECDD0046AF76 /* Statistics.swift */,
			);
			path = Model;
			sourceTree = "<group>";
		};
		847720BB2B60466A0063EE66 /* Services */ = {
			isa = PBXGroup;
			children = (
				847720752B6043750063EE66 /* AppDelegate.swift */,
				847720B92B6046630063EE66 /* DataStorege.swift */,
				847720772B6043750063EE66 /* SceneDelegate.swift */,
			);
			path = Services;
			sourceTree = "<group>";
		};
		847720C62B6046C00063EE66 /* Helpers */ = {
			isa = PBXGroup;
			children = (
				847720BC2B60468F0063EE66 /* UIViewController.swift */,
				847720BE2B60469D0063EE66 /* OptionsForCollection.swift */,
				847720C02B6046A50063EE66 /* UIColor.swift */,
				847720C22B6046AE0063EE66 /* Date.swift */,
				847720C42B6046B80063EE66 /* TextField.swift */,
				847720CE2B617F010063EE66 /* UIColorMarshalling.swift */,
				847720D02B617F0B0063EE66 /* StoreError.swift */,
				847720EB2B66BAC20063EE66 /* ObservableValue.swift */,
			);
			path = Helpers;
			sourceTree = "<group>";
		};
		847720CD2B617EB30063EE66 /* Resources */ = {
			isa = PBXGroup;
			children = (
				843754D22B6AF7FC0046AF76 /* Localization */,
				847720792B6043750063EE66 /* ViewController.swift */,
				847720C72B60496F0063EE66 /* Main.storyboard */,
				8477207E2B6043770063EE66 /* Assets.xcassets */,
				847720802B6043770063EE66 /* LaunchScreen.storyboard */,
			);
			path = Resources;
			sourceTree = "<group>";
		};
		847720D22B617F1E0063EE66 /* TabBar */ = {
			isa = PBXGroup;
			children = (
				847720A32B6045D10063EE66 /* TabBarController.swift */,
			);
			path = TabBar;
			sourceTree = "<group>";
		};
		847720D32B617F3E0063EE66 /* StatisticsView */ = {
			isa = PBXGroup;
			children = (
				847720952B6045950063EE66 /* StatisticsViewController.swift */,
				843754C92B6AEBE00046AF76 /* StatisticsViewModel.swift */,
				843754CB2B6AEBED0046AF76 /* StatisticCell.swift */,
			);
			path = StatisticsView;
			sourceTree = "<group>";
		};
		847720D42B6182310063EE66 /* TrackersView */ = {
			isa = PBXGroup;
			children = (
				847720A12B6045C80063EE66 /* TrackersViewController.swift */,
				847720972B60459C0063EE66 /* SupplementaryView.swift */,
				847720992B6045A40063EE66 /* TrackerCell.swift */,
				843754CD2B6AEC460046AF76 /* FilterViewController.swift */,
			);
			path = TrackersView;
			sourceTree = "<group>";
		};
		847720D52B6182720063EE66 /* CreatingHabitView */ = {
			isa = PBXGroup;
			children = (
				847720A52B6045DF0063EE66 /* CreatingHabitViewController.swift */,
				847720AD2B6045FB0063EE66 /* CreatingIrregularEventViewController.swift */,
				847720A92B6045EE0063EE66 /* CreatingTableCell.swift */,
				847720D62B61831B0063EE66 /* EmojiCollectionViewCell.swift */,
				847720D82B6183260063EE66 /* ColorsCollectionViewCell.swift */,
			);
			path = CreatingHabitView;
			sourceTree = "<group>";
		};
		847720DA2B6183A50063EE66 /* Schedule */ = {
			isa = PBXGroup;
			children = (
				8477209D2B6045B50063EE66 /* ScheduleViewController.swift */,
				8477209B2B6045AD0063EE66 /* ScheduleCell.swift */,
			);
			path = Schedule;
			sourceTree = "<group>";
		};
		847720DB2B6183CF0063EE66 /* Category */ = {
			isa = PBXGroup;
			children = (
				847720AB2B6045F50063EE66 /* CategoryViewController.swift */,
				847720ED2B66F6480063EE66 /* CategoryViewModel.swift */,
				8477209F2B6045C10063EE66 /* CreatingCategoryViewController.swift */,
			);
			path = Category;
			sourceTree = "<group>";
		};
		847720DC2B6184600063EE66 /* Domain */ = {
			isa = PBXGroup;
			children = (
				847720CB2B617E760063EE66 /* TrackerCategoryStore.swift */,
				847720C92B617E070063EE66 /* TrackerStore.swift */,
				847720DD2B6184720063EE66 /* TrackerRecordStore.swift */,
			);
			path = Domain;
			sourceTree = "<group>";
		};
		847720DF2B6187820063EE66 /* CoreData */ = {
			isa = PBXGroup;
			children = (
				847720E02B6187A40063EE66 /* TrackerModel.xcdatamodeld */,
			);
			path = CoreData;
			sourceTree = "<group>";
		};
		847720E32B66B9D60063EE66 /* Onboard */ = {
			isa = PBXGroup;
			children = (
				847720E72B66BA300063EE66 /* OnboardViewController.swift */,
				847720E92B66BA520063EE66 /* OnboardContentViewController.swift */,
			);
			path = Onboard;
			sourceTree = "<group>";
		};
		9A2EEFB3335BCA98462B3D10 /* Pods */ = {
			isa = PBXGroup;
			children = (
				61D4AC83CBC08C9D8A6D30CF /* Pods-Tracker.debug.xcconfig */,
				217BCBA9A303CB183020C450 /* Pods-Tracker.release.xcconfig */,
			);
			path = Pods;
			sourceTree = "<group>";
		};
/* End PBXGroup section */

/* Begin PBXNativeTarget section */
		843754E22B6AFDD50046AF76 /* TrackerTests */ = {
			isa = PBXNativeTarget;
			buildConfigurationList = 843754E92B6AFDD50046AF76 /* Build configuration list for PBXNativeTarget "TrackerTests" */;
			buildPhases = (
				843754DF2B6AFDD50046AF76 /* Sources */,
				843754E02B6AFDD50046AF76 /* Frameworks */,
				843754E12B6AFDD50046AF76 /* Resources */,
			);
			buildRules = (
			);
			dependencies = (
				843754E82B6AFDD50046AF76 /* PBXTargetDependency */,
			);
			name = TrackerTests;
			productName = TrackerTests;
			productReference = 843754E32B6AFDD50046AF76 /* TrackerTests.xctest */;
			productType = "com.apple.product-type.bundle.unit-test";
		};
		847720712B6043750063EE66 /* Tracker */ = {
			isa = PBXNativeTarget;
			buildConfigurationList = 847720862B6043770063EE66 /* Build configuration list for PBXNativeTarget "Tracker" */;
			buildPhases = (
				BB5AD46174E1AC10C8388F3C /* [CP] Check Pods Manifest.lock */,
				8477206E2B6043750063EE66 /* Sources */,
				8477206F2B6043750063EE66 /* Frameworks */,
				847720702B6043750063EE66 /* Resources */,
				ADC5DAD32ED3DABD7A4CB421 /* [CP] Embed Pods Frameworks */,
			);
			buildRules = (
			);
			dependencies = (
			);
			name = Tracker;
			packageProductDependencies = (
				843754DD2B6AFC600046AF76 /* SnapshotTesting */,
			);
			productName = Tracker;
			productReference = 847720722B6043750063EE66 /* Tracker.app */;
			productType = "com.apple.product-type.application";
		};
/* End PBXNativeTarget section */

/* Begin PBXProject section */
		8477206A2B6043750063EE66 /* Project object */ = {
			isa = PBXProject;
			attributes = {
				BuildIndependentTargetsInParallel = 1;
				LastSwiftUpdateCheck = 1420;
				LastUpgradeCheck = 1420;
				TargetAttributes = {
					843754E22B6AFDD50046AF76 = {
						CreatedOnToolsVersion = 14.2;
						TestTargetID = 847720712B6043750063EE66;
					};
					847720712B6043750063EE66 = {
						CreatedOnToolsVersion = 14.2;
					};
				};
			};
			buildConfigurationList = 8477206D2B6043750063EE66 /* Build configuration list for PBXProject "Tracker" */;
			compatibilityVersion = "Xcode 14.0";
			developmentRegion = en;
			hasScannedForEncodings = 0;
			knownRegions = (
				en,
				Base,
				ru,
				"en-GB",
			);
			mainGroup = 847720692B6043750063EE66;
			packageReferences = (
				843754DC2B6AFC600046AF76 /* XCRemoteSwiftPackageReference "swift-snapshot-testing" */,
			);
			productRefGroup = 847720732B6043750063EE66 /* Products */;
			projectDirPath = "";
			projectRoot = "";
			targets = (
				843754E22B6AFDD50046AF76 /* TrackerTests */,
				847720712B6043750063EE66 /* Tracker */,
			);
		};
/* End PBXProject section */

/* Begin PBXResourcesBuildPhase section */
		843754E12B6AFDD50046AF76 /* Resources */ = {
			isa = PBXResourcesBuildPhase;
			buildActionMask = 2147483647;
			files = (
			);
			runOnlyForDeploymentPostprocessing = 0;
		};
		847720702B6043750063EE66 /* Resources */ = {
			isa = PBXResourcesBuildPhase;
			buildActionMask = 2147483647;
			files = (
				847720C82B60496F0063EE66 /* Main.storyboard in Resources */,
				843754D62B6AF83D0046AF76 /* Localizable.strings in Resources */,
				847720822B6043770063EE66 /* LaunchScreen.storyboard in Resources */,
				8477207F2B6043770063EE66 /* Assets.xcassets in Resources */,
			);
			runOnlyForDeploymentPostprocessing = 0;
		};
/* End PBXResourcesBuildPhase section */

/* Begin PBXShellScriptBuildPhase section */
		ADC5DAD32ED3DABD7A4CB421 /* [CP] Embed Pods Frameworks */ = {
			isa = PBXShellScriptBuildPhase;
			buildActionMask = 2147483647;
			files = (
			);
			inputFileListPaths = (
				"${PODS_ROOT}/Target Support Files/Pods-Tracker/Pods-Tracker-frameworks-${CONFIGURATION}-input-files.xcfilelist",
			);
			name = "[CP] Embed Pods Frameworks";
			outputFileListPaths = (
				"${PODS_ROOT}/Target Support Files/Pods-Tracker/Pods-Tracker-frameworks-${CONFIGURATION}-output-files.xcfilelist",
			);
			runOnlyForDeploymentPostprocessing = 0;
			shellPath = /bin/sh;
			shellScript = "\"${PODS_ROOT}/Target Support Files/Pods-Tracker/Pods-Tracker-frameworks.sh\"\n";
			showEnvVarsInLog = 0;
		};
		BB5AD46174E1AC10C8388F3C /* [CP] Check Pods Manifest.lock */ = {
			isa = PBXShellScriptBuildPhase;
			buildActionMask = 2147483647;
			files = (
			);
			inputFileListPaths = (
			);
			inputPaths = (
				"${PODS_PODFILE_DIR_PATH}/Podfile.lock",
				"${PODS_ROOT}/Manifest.lock",
			);
			name = "[CP] Check Pods Manifest.lock";
			outputFileListPaths = (
			);
			outputPaths = (
				"$(DERIVED_FILE_DIR)/Pods-Tracker-checkManifestLockResult.txt",
			);
			runOnlyForDeploymentPostprocessing = 0;
			shellPath = /bin/sh;
			shellScript = "diff \"${PODS_PODFILE_DIR_PATH}/Podfile.lock\" \"${PODS_ROOT}/Manifest.lock\" > /dev/null\nif [ $? != 0 ] ; then\n    # print error to STDERR\n    echo \"error: The sandbox is not in sync with the Podfile.lock. Run 'pod install' or update your CocoaPods installation.\" >&2\n    exit 1\nfi\n# This output is used by Xcode 'outputs' to avoid re-running this script phase.\necho \"SUCCESS\" > \"${SCRIPT_OUTPUT_FILE_0}\"\n";
			showEnvVarsInLog = 0;
		};
/* End PBXShellScriptBuildPhase section */

/* Begin PBXSourcesBuildPhase section */
		843754DF2B6AFDD50046AF76 /* Sources */ = {
			isa = PBXSourcesBuildPhase;
			buildActionMask = 2147483647;
			files = (
				843754E62B6AFDD50046AF76 /* TrackerTests.swift in Sources */,
			);
			runOnlyForDeploymentPostprocessing = 0;
		};
		8477206E2B6043750063EE66 /* Sources */ = {
			isa = PBXSourcesBuildPhase;
			buildActionMask = 2147483647;
			files = (
				847720EA2B66BA520063EE66 /* OnboardContentViewController.swift in Sources */,
				847720B52B60462B0063EE66 /* CreatingTrackersModel.swift in Sources */,
				843754D02B6AECDD0046AF76 /* Statistics.swift in Sources */,
				847720B32B6046230063EE66 /* TrackerCategory.swift in Sources */,
				847720AE2B6045FB0063EE66 /* CreatingIrregularEventViewController.swift in Sources */,
				843754CC2B6AEBED0046AF76 /* StatisticCell.swift in Sources */,
				843754C82B6AE8FB0046AF76 /* Events.swift in Sources */,
				8477207A2B6043750063EE66 /* ViewController.swift in Sources */,
				847720762B6043750063EE66 /* AppDelegate.swift in Sources */,
				843754CE2B6AEC460046AF76 /* FilterViewController.swift in Sources */,
				847720C52B6046B80063EE66 /* TextField.swift in Sources */,
				847720D12B617F0B0063EE66 /* StoreError.swift in Sources */,
				847720A42B6045D10063EE66 /* TabBarController.swift in Sources */,
				847720CF2B617F010063EE66 /* UIColorMarshalling.swift in Sources */,
				847720EE2B66F6480063EE66 /* CategoryViewModel.swift in Sources */,
				847720C32B6046AE0063EE66 /* Date.swift in Sources */,
				847720BA2B6046630063EE66 /* DataStorege.swift in Sources */,
				847720AA2B6045EE0063EE66 /* CreatingTableCell.swift in Sources */,
				843754C62B6AE8EB0046AF76 /* AnalyticsService.swift in Sources */,
				847720982B60459C0063EE66 /* SupplementaryView.swift in Sources */,
				843754CA2B6AEBE00046AF76 /* StatisticsViewModel.swift in Sources */,
				847720CA2B617E070063EE66 /* TrackerStore.swift in Sources */,
				847720A62B6045DF0063EE66 /* CreatingHabitViewController.swift in Sources */,
				847720E82B66BA300063EE66 /* OnboardViewController.swift in Sources */,
				8477209E2B6045B50063EE66 /* ScheduleViewController.swift in Sources */,
				847720A02B6045C10063EE66 /* CreatingCategoryViewController.swift in Sources */,
				847720A82B6045E70063EE66 /* CreatingNewTrackerViewController.swift in Sources */,
				847720E22B6187A40063EE66 /* TrackerModel.xcdatamodeld in Sources */,
				847720D92B6183260063EE66 /* ColorsCollectionViewCell.swift in Sources */,
				847720DE2B6184720063EE66 /* TrackerRecordStore.swift in Sources */,
				847720C12B6046A50063EE66 /* UIColor.swift in Sources */,
				847720BF2B60469D0063EE66 /* OptionsForCollection.swift in Sources */,
				847720B72B6046330063EE66 /* Tracker.swift in Sources */,
				847720BD2B60468F0063EE66 /* UIViewController.swift in Sources */,
				847720CC2B617E760063EE66 /* TrackerCategoryStore.swift in Sources */,
				8477209C2B6045AD0063EE66 /* ScheduleCell.swift in Sources */,
				847720D72B61831B0063EE66 /* EmojiCollectionViewCell.swift in Sources */,
				847720B12B60461C0063EE66 /* TrackerRecord.swift in Sources */,
				847720AC2B6045F50063EE66 /* CategoryViewController.swift in Sources */,
				847720782B6043750063EE66 /* SceneDelegate.swift in Sources */,
				847720EC2B66BAC20063EE66 /* ObservableValue.swift in Sources */,
				847720A22B6045C80063EE66 /* TrackersViewController.swift in Sources */,
				8477209A2B6045A40063EE66 /* TrackerCell.swift in Sources */,
				847720962B6045950063EE66 /* StatisticsViewController.swift in Sources */,
			);
			runOnlyForDeploymentPostprocessing = 0;
		};
/* End PBXSourcesBuildPhase section */

/* Begin PBXTargetDependency section */
		843754E82B6AFDD50046AF76 /* PBXTargetDependency */ = {
			isa = PBXTargetDependency;
			target = 847720712B6043750063EE66 /* Tracker */;
			targetProxy = 843754E72B6AFDD50046AF76 /* PBXContainerItemProxy */;
		};
/* End PBXTargetDependency section */

/* Begin PBXVariantGroup section */
		843754D82B6AF83D0046AF76 /* Localizable.strings */ = {
			isa = PBXVariantGroup;
			children = (
				843754D72B6AF83D0046AF76 /* en */,
				843754D92B6AF8410046AF76 /* ru */,
				843754DB2B6AFA3C0046AF76 /* en-GB */,
			);
			name = Localizable.strings;
			sourceTree = "<group>";
		};
		847720802B6043770063EE66 /* LaunchScreen.storyboard */ = {
			isa = PBXVariantGroup;
			children = (
				847720812B6043770063EE66 /* Base */,
				843754D52B6AF82C0046AF76 /* ru */,
				843754DA2B6AFA3C0046AF76 /* en-GB */,
			);
			name = LaunchScreen.storyboard;
			sourceTree = "<group>";
		};
/* End PBXVariantGroup section */

/* Begin XCBuildConfiguration section */
		843754EA2B6AFDD50046AF76 /* Debug */ = {
			isa = XCBuildConfiguration;
			buildSettings = {
				BUNDLE_LOADER = "$(TEST_HOST)";
				CODE_SIGN_STYLE = Automatic;
				CURRENT_PROJECT_VERSION = 1;
				DEVELOPMENT_TEAM = HG22Y54574;
				GENERATE_INFOPLIST_FILE = YES;
				IPHONEOS_DEPLOYMENT_TARGET = 16.2;
				MARKETING_VERSION = 1.0;
				PRODUCT_BUNDLE_IDENTIFIER = ru.yandex.practicum.TrackerTests;
				PRODUCT_NAME = "$(TARGET_NAME)";
				SWIFT_EMIT_LOC_STRINGS = NO;
				SWIFT_VERSION = 5.0;
				TARGETED_DEVICE_FAMILY = "1,2";
				TEST_HOST = "$(BUILT_PRODUCTS_DIR)/Tracker.app/$(BUNDLE_EXECUTABLE_FOLDER_PATH)/Tracker";
			};
			name = Debug;
		};
		843754EB2B6AFDD50046AF76 /* Release */ = {
			isa = XCBuildConfiguration;
			buildSettings = {
				BUNDLE_LOADER = "$(TEST_HOST)";
				CODE_SIGN_STYLE = Automatic;
				CURRENT_PROJECT_VERSION = 1;
				DEVELOPMENT_TEAM = HG22Y54574;
				GENERATE_INFOPLIST_FILE = YES;
				IPHONEOS_DEPLOYMENT_TARGET = 16.2;
				MARKETING_VERSION = 1.0;
				PRODUCT_BUNDLE_IDENTIFIER = ru.yandex.practicum.TrackerTests;
				PRODUCT_NAME = "$(TARGET_NAME)";
				SWIFT_EMIT_LOC_STRINGS = NO;
				SWIFT_VERSION = 5.0;
				TARGETED_DEVICE_FAMILY = "1,2";
				TEST_HOST = "$(BUILT_PRODUCTS_DIR)/Tracker.app/$(BUNDLE_EXECUTABLE_FOLDER_PATH)/Tracker";
			};
			name = Release;
		};
		847720842B6043770063EE66 /* Debug */ = {
			isa = XCBuildConfiguration;
			buildSettings = {
				ALWAYS_SEARCH_USER_PATHS = NO;
				CLANG_ANALYZER_LOCALIZABILITY_NONLOCALIZED = YES;
				CLANG_ANALYZER_NONNULL = YES;
				CLANG_ANALYZER_NUMBER_OBJECT_CONVERSION = YES_AGGRESSIVE;
				CLANG_CXX_LANGUAGE_STANDARD = "gnu++20";
				CLANG_ENABLE_MODULES = YES;
				CLANG_ENABLE_OBJC_ARC = YES;
				CLANG_ENABLE_OBJC_WEAK = YES;
				CLANG_WARN_BLOCK_CAPTURE_AUTORELEASING = YES;
				CLANG_WARN_BOOL_CONVERSION = YES;
				CLANG_WARN_COMMA = YES;
				CLANG_WARN_CONSTANT_CONVERSION = YES;
				CLANG_WARN_DEPRECATED_OBJC_IMPLEMENTATIONS = YES;
				CLANG_WARN_DIRECT_OBJC_ISA_USAGE = YES_ERROR;
				CLANG_WARN_DOCUMENTATION_COMMENTS = YES;
				CLANG_WARN_EMPTY_BODY = YES;
				CLANG_WARN_ENUM_CONVERSION = YES;
				CLANG_WARN_INFINITE_RECURSION = YES;
				CLANG_WARN_INT_CONVERSION = YES;
				CLANG_WARN_NON_LITERAL_NULL_CONVERSION = YES;
				CLANG_WARN_OBJC_IMPLICIT_RETAIN_SELF = YES;
				CLANG_WARN_OBJC_LITERAL_CONVERSION = YES;
				CLANG_WARN_OBJC_ROOT_CLASS = YES_ERROR;
				CLANG_WARN_QUOTED_INCLUDE_IN_FRAMEWORK_HEADER = YES;
				CLANG_WARN_RANGE_LOOP_ANALYSIS = YES;
				CLANG_WARN_STRICT_PROTOTYPES = YES;
				CLANG_WARN_SUSPICIOUS_MOVE = YES;
				CLANG_WARN_UNGUARDED_AVAILABILITY = YES_AGGRESSIVE;
				CLANG_WARN_UNREACHABLE_CODE = YES;
				CLANG_WARN__DUPLICATE_METHOD_MATCH = YES;
				COPY_PHASE_STRIP = NO;
				DEBUG_INFORMATION_FORMAT = dwarf;
				ENABLE_STRICT_OBJC_MSGSEND = YES;
				ENABLE_TESTABILITY = YES;
				GCC_C_LANGUAGE_STANDARD = gnu11;
				GCC_DYNAMIC_NO_PIC = NO;
				GCC_NO_COMMON_BLOCKS = YES;
				GCC_OPTIMIZATION_LEVEL = 0;
				GCC_PREPROCESSOR_DEFINITIONS = (
					"DEBUG=1",
					"$(inherited)",
				);
				GCC_WARN_64_TO_32_BIT_CONVERSION = YES;
				GCC_WARN_ABOUT_RETURN_TYPE = YES_ERROR;
				GCC_WARN_UNDECLARED_SELECTOR = YES;
				GCC_WARN_UNINITIALIZED_AUTOS = YES_AGGRESSIVE;
				GCC_WARN_UNUSED_FUNCTION = YES;
				GCC_WARN_UNUSED_VARIABLE = YES;
				IPHONEOS_DEPLOYMENT_TARGET = 13.4;
				MTL_ENABLE_DEBUG_INFO = INCLUDE_SOURCE;
				MTL_FAST_MATH = YES;
				ONLY_ACTIVE_ARCH = YES;
				SDKROOT = iphoneos;
				SWIFT_ACTIVE_COMPILATION_CONDITIONS = DEBUG;
				SWIFT_OPTIMIZATION_LEVEL = "-Onone";
			};
			name = Debug;
		};
		847720852B6043770063EE66 /* Release */ = {
			isa = XCBuildConfiguration;
			buildSettings = {
				ALWAYS_SEARCH_USER_PATHS = NO;
				CLANG_ANALYZER_LOCALIZABILITY_NONLOCALIZED = YES;
				CLANG_ANALYZER_NONNULL = YES;
				CLANG_ANALYZER_NUMBER_OBJECT_CONVERSION = YES_AGGRESSIVE;
				CLANG_CXX_LANGUAGE_STANDARD = "gnu++20";
				CLANG_ENABLE_MODULES = YES;
				CLANG_ENABLE_OBJC_ARC = YES;
				CLANG_ENABLE_OBJC_WEAK = YES;
				CLANG_WARN_BLOCK_CAPTURE_AUTORELEASING = YES;
				CLANG_WARN_BOOL_CONVERSION = YES;
				CLANG_WARN_COMMA = YES;
				CLANG_WARN_CONSTANT_CONVERSION = YES;
				CLANG_WARN_DEPRECATED_OBJC_IMPLEMENTATIONS = YES;
				CLANG_WARN_DIRECT_OBJC_ISA_USAGE = YES_ERROR;
				CLANG_WARN_DOCUMENTATION_COMMENTS = YES;
				CLANG_WARN_EMPTY_BODY = YES;
				CLANG_WARN_ENUM_CONVERSION = YES;
				CLANG_WARN_INFINITE_RECURSION = YES;
				CLANG_WARN_INT_CONVERSION = YES;
				CLANG_WARN_NON_LITERAL_NULL_CONVERSION = YES;
				CLANG_WARN_OBJC_IMPLICIT_RETAIN_SELF = YES;
				CLANG_WARN_OBJC_LITERAL_CONVERSION = YES;
				CLANG_WARN_OBJC_ROOT_CLASS = YES_ERROR;
				CLANG_WARN_QUOTED_INCLUDE_IN_FRAMEWORK_HEADER = YES;
				CLANG_WARN_RANGE_LOOP_ANALYSIS = YES;
				CLANG_WARN_STRICT_PROTOTYPES = YES;
				CLANG_WARN_SUSPICIOUS_MOVE = YES;
				CLANG_WARN_UNGUARDED_AVAILABILITY = YES_AGGRESSIVE;
				CLANG_WARN_UNREACHABLE_CODE = YES;
				CLANG_WARN__DUPLICATE_METHOD_MATCH = YES;
				COPY_PHASE_STRIP = NO;
				DEBUG_INFORMATION_FORMAT = "dwarf-with-dsym";
				ENABLE_NS_ASSERTIONS = NO;
				ENABLE_STRICT_OBJC_MSGSEND = YES;
				GCC_C_LANGUAGE_STANDARD = gnu11;
				GCC_NO_COMMON_BLOCKS = YES;
				GCC_WARN_64_TO_32_BIT_CONVERSION = YES;
				GCC_WARN_ABOUT_RETURN_TYPE = YES_ERROR;
				GCC_WARN_UNDECLARED_SELECTOR = YES;
				GCC_WARN_UNINITIALIZED_AUTOS = YES_AGGRESSIVE;
				GCC_WARN_UNUSED_FUNCTION = YES;
				GCC_WARN_UNUSED_VARIABLE = YES;
				IPHONEOS_DEPLOYMENT_TARGET = 13.4;
				MTL_ENABLE_DEBUG_INFO = NO;
				MTL_FAST_MATH = YES;
				SDKROOT = iphoneos;
				SWIFT_COMPILATION_MODE = wholemodule;
				SWIFT_OPTIMIZATION_LEVEL = "-O";
				VALIDATE_PRODUCT = YES;
			};
			name = Release;
		};
		847720872B6043770063EE66 /* Debug */ = {
			isa = XCBuildConfiguration;
			baseConfigurationReference = 61D4AC83CBC08C9D8A6D30CF /* Pods-Tracker.debug.xcconfig */;
			buildSettings = {
				ASSETCATALOG_COMPILER_APPICON_NAME = AppIcon;
				ASSETCATALOG_COMPILER_GLOBAL_ACCENT_COLOR_NAME = AccentColor;
				CODE_SIGN_STYLE = Automatic;
				CURRENT_PROJECT_VERSION = 1;
				DEVELOPMENT_TEAM = HG22Y54574;
				GENERATE_INFOPLIST_FILE = YES;
				INFOPLIST_FILE = Tracker/Info.plist;
				INFOPLIST_KEY_UIApplicationSupportsIndirectInputEvents = YES;
				INFOPLIST_KEY_UILaunchStoryboardName = LaunchScreen;
				INFOPLIST_KEY_UIMainStoryboardFile = Main;
				INFOPLIST_KEY_UISupportedInterfaceOrientations_iPad = "UIInterfaceOrientationPortrait UIInterfaceOrientationPortraitUpsideDown UIInterfaceOrientationLandscapeLeft UIInterfaceOrientationLandscapeRight";
				INFOPLIST_KEY_UISupportedInterfaceOrientations_iPhone = "UIInterfaceOrientationPortrait UIInterfaceOrientationLandscapeLeft UIInterfaceOrientationLandscapeRight";
				IPHONEOS_DEPLOYMENT_TARGET = 13.4;
				LD_RUNPATH_SEARCH_PATHS = (
					"$(inherited)",
					"@executable_path/Frameworks",
				);
				MARKETING_VERSION = 1.0;
				PRODUCT_BUNDLE_IDENTIFIER = ru.yandex.practicum.Tracker;
				PRODUCT_NAME = "$(TARGET_NAME)";
				SUPPORTED_PLATFORMS = "iphoneos iphonesimulator";
				SUPPORTS_MACCATALYST = NO;
				SUPPORTS_MAC_DESIGNED_FOR_IPHONE_IPAD = NO;
				SWIFT_EMIT_LOC_STRINGS = YES;
				SWIFT_VERSION = 5.0;
				TARGETED_DEVICE_FAMILY = 1;
			};
			name = Debug;
		};
		847720882B6043770063EE66 /* Release */ = {
			isa = XCBuildConfiguration;
			baseConfigurationReference = 217BCBA9A303CB183020C450 /* Pods-Tracker.release.xcconfig */;
			buildSettings = {
				ASSETCATALOG_COMPILER_APPICON_NAME = AppIcon;
				ASSETCATALOG_COMPILER_GLOBAL_ACCENT_COLOR_NAME = AccentColor;
				CODE_SIGN_STYLE = Automatic;
				CURRENT_PROJECT_VERSION = 1;
				DEVELOPMENT_TEAM = HG22Y54574;
				GENERATE_INFOPLIST_FILE = YES;
				INFOPLIST_FILE = Tracker/Info.plist;
				INFOPLIST_KEY_UIApplicationSupportsIndirectInputEvents = YES;
				INFOPLIST_KEY_UILaunchStoryboardName = LaunchScreen;
				INFOPLIST_KEY_UIMainStoryboardFile = Main;
				INFOPLIST_KEY_UISupportedInterfaceOrientations_iPad = "UIInterfaceOrientationPortrait UIInterfaceOrientationPortraitUpsideDown UIInterfaceOrientationLandscapeLeft UIInterfaceOrientationLandscapeRight";
				INFOPLIST_KEY_UISupportedInterfaceOrientations_iPhone = "UIInterfaceOrientationPortrait UIInterfaceOrientationLandscapeLeft UIInterfaceOrientationLandscapeRight";
				IPHONEOS_DEPLOYMENT_TARGET = 13.4;
				LD_RUNPATH_SEARCH_PATHS = (
					"$(inherited)",
					"@executable_path/Frameworks",
				);
				MARKETING_VERSION = 1.0;
				PRODUCT_BUNDLE_IDENTIFIER = ru.yandex.practicum.Tracker;
				PRODUCT_NAME = "$(TARGET_NAME)";
				SUPPORTED_PLATFORMS = "iphoneos iphonesimulator";
				SUPPORTS_MACCATALYST = NO;
				SUPPORTS_MAC_DESIGNED_FOR_IPHONE_IPAD = NO;
				SWIFT_EMIT_LOC_STRINGS = YES;
				SWIFT_VERSION = 5.0;
				TARGETED_DEVICE_FAMILY = 1;
			};
			name = Release;
		};
/* End XCBuildConfiguration section */

/* Begin XCConfigurationList section */
		843754E92B6AFDD50046AF76 /* Build configuration list for PBXNativeTarget "TrackerTests" */ = {
			isa = XCConfigurationList;
			buildConfigurations = (
				843754EA2B6AFDD50046AF76 /* Debug */,
				843754EB2B6AFDD50046AF76 /* Release */,
			);
			defaultConfigurationIsVisible = 0;
			defaultConfigurationName = Release;
		};
		8477206D2B6043750063EE66 /* Build configuration list for PBXProject "Tracker" */ = {
			isa = XCConfigurationList;
			buildConfigurations = (
				847720842B6043770063EE66 /* Debug */,
				847720852B6043770063EE66 /* Release */,
			);
			defaultConfigurationIsVisible = 0;
			defaultConfigurationName = Release;
		};
		847720862B6043770063EE66 /* Build configuration list for PBXNativeTarget "Tracker" */ = {
			isa = XCConfigurationList;
			buildConfigurations = (
				847720872B6043770063EE66 /* Debug */,
				847720882B6043770063EE66 /* Release */,
			);
			defaultConfigurationIsVisible = 0;
			defaultConfigurationName = Release;
		};
/* End XCConfigurationList section */

/* Begin XCRemoteSwiftPackageReference section */
		843754DC2B6AFC600046AF76 /* XCRemoteSwiftPackageReference "swift-snapshot-testing" */ = {
			isa = XCRemoteSwiftPackageReference;
			repositoryURL = "https://github.com/pointfreeco/swift-snapshot-testing";
			requirement = {
				kind = exactVersion;
				version = 1.9.0;
			};
		};
/* End XCRemoteSwiftPackageReference section */

/* Begin XCSwiftPackageProductDependency section */
		843754DD2B6AFC600046AF76 /* SnapshotTesting */ = {
			isa = XCSwiftPackageProductDependency;
			package = 843754DC2B6AFC600046AF76 /* XCRemoteSwiftPackageReference "swift-snapshot-testing" */;
			productName = SnapshotTesting;
		};
/* End XCSwiftPackageProductDependency section */

/* Begin XCVersionGroup section */
		847720E02B6187A40063EE66 /* TrackerModel.xcdatamodeld */ = {
			isa = XCVersionGroup;
			children = (
				847720E12B6187A40063EE66 /* TrackerModel.xcdatamodel */,
			);
			currentVersion = 847720E12B6187A40063EE66 /* TrackerModel.xcdatamodel */;
			path = TrackerModel.xcdatamodeld;
			sourceTree = "<group>";
			versionGroupType = wrapper.xcdatamodel;
		};
/* End XCVersionGroup section */
	};
	rootObject = 8477206A2B6043750063EE66 /* Project object */;
}
